
Microsoft Visual Studio Solution File, Format Version 12.00
VisualStudioVersion = 17.14.36221.1
MinimumVisualStudioVersion = 10.0.40219.1
Project("{FAE04EC0-301F-11D3-BF4B-00C04F79EFBC}") = "APIGateway", "APIGateway\APIGateway.csproj", "{1895DEE9-2E0A-4D39-B550-75367AF225CA}"
EndProject
Global
	GlobalSection(SolutionConfigurationPlatforms) = preSolution
		Debug|Any CPU = Debug|Any CPU
		Release|Any CPU = Release|Any CPU
	EndGlobalSection
	GlobalSection(ProjectConfigurationPlatforms) = postSolution
		{1895DEE9-2E0A-4D39-B550-75367AF225CA}.Debug|Any CPU.ActiveCfg = Debug|Any CPU
		{1895DEE9-2E0A-4D39-B550-75367AF225CA}.Debug|Any CPU.Build.0 = Debug|Any CPU
		{1895DEE9-2E0A-4D39-B550-75367AF225CA}.Release|Any CPU.ActiveCfg = Release|Any CPU
		{1895DEE9-2E0A-4D39-B550-75367AF225CA}.Release|Any CPU.Build.0 = Release|Any CPU
	EndGlobalSection
	GlobalSection(SolutionProperties) = preSolution
		HideSolutionNode = FALSE
	EndGlobalSection
	GlobalSection(ExtensibilityGlobals) = postSolution
		SolutionGuid = {C4DE85BD-CF8B-4A0A-B28A-41C50C69E8AE}
	EndGlobalSection
EndGlobal
